{
  "name": "hanjii-server",
  "version": "1.0.0",
  "lockfileVersion": 3,
  "requires": true,
  "packages": {
    "": {
      "name": "hanjii-server",
      "version": "1.0.0",
      "license": "ISC",
      "dependencies": {
        "hanjii-server": "file:../server"
      }
    },
    "../server": {
      "name": "hanjii-server",
      "version": "1.0.0",
      "license": "ISC",
      "dependencies": {
        "hanjii-server": "file:../server"
      }
    },
    "node_modules/hanjii-server": {
      "resolved": "../server",
      "link": true
    }
  }
}
